
Microsoft Visual Studio Solution File, Format Version 12.00
# Visual Studio Version 17
VisualStudioVersion = 17.6.33723.286
MinimumVisualStudioVersion = 10.0.40219.1
Project("{FAE04EC0-301F-11D3-BF4B-00C04F79EFBC}") = "hw4(15.06)", "hw4(15.06)\hw4(15.06).csproj", "{D86FDF03-83F6-48BC-A2AD-D0435D586C9E}"
EndProject
Global
	GlobalSection(SolutionConfigurationPlatforms) = preSolution
		Debug|Any CPU = Debug|Any CPU
		Release|Any CPU = Release|Any CPU
	EndGlobalSection
	GlobalSection(ProjectConfigurationPlatforms) = postSolution
		{D86FDF03-83F6-48BC-A2AD-D0435D586C9E}.Debug|Any CPU.ActiveCfg = Debug|Any CPU
		{D86FDF03-83F6-48BC-A2AD-D0435D586C9E}.Debug|Any CPU.Build.0 = Debug|Any CPU
		{D86FDF03-83F6-48BC-A2AD-D0435D586C9E}.Release|Any CPU.ActiveCfg = Release|Any CPU
		{D86FDF03-83F6-48BC-A2AD-D0435D586C9E}.Release|Any CPU.Build.0 = Release|Any CPU
	EndGlobalSection
	GlobalSection(SolutionProperties) = preSolution
		HideSolutionNode = FALSE
	EndGlobalSection
	GlobalSection(ExtensibilityGlobals) = postSolution
		SolutionGuid = {DEDE207C-EF77-4541-9DCB-72E5041DD7D3}
	EndGlobalSection
EndGlobal
